
Microsoft Visual Studio Solution File, Format Version 12.00
# Visual Studio 2012
Project("{FAE04EC0-301F-11D3-BF4B-00C04F79EFBC}") = "AIRPLAINE_RESERVATION", "AIRPLAINE_RESERVATION\AIRPLAINE_RESERVATION.csproj", "{3F08FA91-D7AB-4552-B2B2-96B87D73A439}"
EndProject
Global
	GlobalSection(SolutionConfigurationPlatforms) = preSolution
		Debug|x86 = Debug|x86
		Release|x86 = Release|x86
	EndGlobalSection
	GlobalSection(ProjectConfigurationPlatforms) = postSolution
		{3F08FA91-D7AB-4552-B2B2-96B87D73A439}.Debug|x86.ActiveCfg = Debug|x86
		{3F08FA91-D7AB-4552-B2B2-96B87D73A439}.Debug|x86.Build.0 = Debug|x86
		{3F08FA91-D7AB-4552-B2B2-96B87D73A439}.Release|x86.ActiveCfg = Release|x86
		{3F08FA91-D7AB-4552-B2B2-96B87D73A439}.Release|x86.Build.0 = Release|x86
	EndGlobalSection
EndGlobal
